
Microsoft Visual Studio Solution File, Format Version 12.00
# Visual Studio Version 17
VisualStudioVersion = 17.0.32014.148
MinimumVisualStudioVersion = 10.0.40219.1
Project("{FAE04EC0-301F-11D3-BF4B-00C04F79EFBC}") = "POS", "POS.csproj", "{81A0AFE0-A1DB-4879-A655-1E4781FABC0A}"
EndProject
Global
	GlobalSection(SolutionConfigurationPlatforms) = preSolution
		Debug|Any CPU = Debug|Any CPU
		Release|Any CPU = Release|Any CPU
	EndGlobalSection
	GlobalSection(ProjectConfigurationPlatforms) = postSolution
		{81A0AFE0-A1DB-4879-A655-1E4781FABC0A}.Debug|Any CPU.ActiveCfg = Debug|Any CPU
		{81A0AFE0-A1DB-4879-A655-1E4781FABC0A}.Debug|Any CPU.Build.0 = Debug|Any CPU
		{81A0AFE0-A1DB-4879-A655-1E4781FABC0A}.Release|Any CPU.ActiveCfg = Release|Any CPU
		{81A0AFE0-A1DB-4879-A655-1E4781FABC0A}.Release|Any CPU.Build.0 = Release|Any CPU
	EndGlobalSection
	GlobalSection(SolutionProperties) = preSolution
		HideSolutionNode = FALSE
	EndGlobalSection
	GlobalSection(ExtensibilityGlobals) = postSolution
		SolutionGuid = {E6964859-5DD6-400A-9BCC-9C340A777110}
	EndGlobalSection
EndGlobal
